
Microsoft Visual Studio Solution File, Format Version 12.00
# Visual Studio 15
VisualStudioVersion = 15.0.26730.16
MinimumVisualStudioVersion = 10.0.40219.1
Project("{FAE04EC0-301F-11D3-BF4B-00C04F79EFBC}") = "DogClass", "DogClass\DogClass.csproj", "{FE88F806-0884-4413-B393-147C7F4BA3E1}"
EndProject
Global
	GlobalSection(SolutionConfigurationPlatforms) = preSolution
		Debug|Any CPU = Debug|Any CPU
		Release|Any CPU = Release|Any CPU
	EndGlobalSection
	GlobalSection(ProjectConfigurationPlatforms) = postSolution
		{FE88F806-0884-4413-B393-147C7F4BA3E1}.Debug|Any CPU.ActiveCfg = Debug|Any CPU
		{FE88F806-0884-4413-B393-147C7F4BA3E1}.Debug|Any CPU.Build.0 = Debug|Any CPU
		{FE88F806-0884-4413-B393-147C7F4BA3E1}.Release|Any CPU.ActiveCfg = Release|Any CPU
		{FE88F806-0884-4413-B393-147C7F4BA3E1}.Release|Any CPU.Build.0 = Release|Any CPU
	EndGlobalSection
	GlobalSection(SolutionProperties) = preSolution
		HideSolutionNode = FALSE
	EndGlobalSection
	GlobalSection(ExtensibilityGlobals) = postSolution
		SolutionGuid = {A3D55ACD-18C1-4607-A642-9ADC241CF88C}
	EndGlobalSection
EndGlobal
